
Microsoft Visual Studio Solution File, Format Version 12.00
# Visual Studio Version 17
VisualStudioVersion = 17.4.33213.308
MinimumVisualStudioVersion = 10.0.40219.1
Project("{FAE04EC0-301F-11D3-BF4B-00C04F79EFBC}") = "pbr1.2", "6. PRB\1.2.lighting_textured\pbr1.2.csproj", "{D022BBB5-9FF0-42AF-8656-AF3D3C250B96}"
EndProject
Project("{2150E333-8FDC-42A3-9474-1A3956D46DE8}") = "Advanced Lighting", "Advanced Lighting", "{ADDABEAC-CB64-4D54-B73C-C3585EE5893A}"
EndProject
Project("{2150E333-8FDC-42A3-9474-1A3956D46DE8}") = "PBR", "PBR", "{4E0C3403-C03E-423E-A7F0-894606D20364}"
EndProject
Project("{FAE04EC0-301F-11D3-BF4B-00C04F79EFBC}") = "NormalMapping", "Advanced Lighting\Normal Mapping\NormalMapping.csproj", "{3FA30165-3CBB-4A0C-BAEA-F64B2C8FE0EC}"
EndProject
Project("{FAE04EC0-301F-11D3-BF4B-00C04F79EFBC}") = "ShadowMapping", "Advanced Lighting\Shadow Mapping\ShadowMapping.csproj", "{A67C0F99-4680-43BC-927C-407B8421DEBE}"
EndProject
Project("{2150E333-8FDC-42A3-9474-1A3956D46DE8}") = "Lighting", "Lighting", "{C0D290C3-8A03-45E9-9EAB-7B1005B0EDD1}"
EndProject
Project("{FAE04EC0-301F-11D3-BF4B-00C04F79EFBC}") = "MultipleLights", "Lighting\Multiple lights\MultipleLights.csproj", "{CD4A84A2-94EB-4522-B568-EE8DA72BDFA9}"
EndProject
Project("{2150E333-8FDC-42A3-9474-1A3956D46DE8}") = "Advanced OpenGL", "Advanced OpenGL", "{734F3792-DE54-4A75-8B94-C7A9F2841B9E}"
EndProject
Project("{FAE04EC0-301F-11D3-BF4B-00C04F79EFBC}") = "Skybox", "Advanced_OpenGL\Skybox\Skybox.csproj", "{7854F4A3-1A0C-4AFF-8094-CE5131445579}"
EndProject
Project("{FAE04EC0-301F-11D3-BF4B-00C04F79EFBC}") = "Stencil", "Advanced_OpenGL\Stencil\Stencil.csproj", "{80637A9B-E126-488A-9758-1F77814A3691}"
EndProject
Project("{2150E333-8FDC-42A3-9474-1A3956D46DE8}") = "Instancing", "Instancing", "{5B8141BA-21C3-4EC8-A2FD-E66E739CFFE7}"
EndProject
Project("{FAE04EC0-301F-11D3-BF4B-00C04F79EFBC}") = "TilesInstancing", "Advanced_OpenGL\Instancing\TilesInstancing\TilesInstancing.csproj", "{6C4B3809-C7E0-4389-A31B-ADD9E8B0587D}"
EndProject
Project("{FAE04EC0-301F-11D3-BF4B-00C04F79EFBC}") = "AsteroidField", "Advanced_OpenGL\Instancing\AsteroidField\AsteroidField.csproj", "{0F56BDD9-C3C5-4CB8-A507-294435834610}"
EndProject
Project("{FAE04EC0-301F-11D3-BF4B-00C04F79EFBC}") = "AsteroidField_Slow", "Advanced_OpenGL\Instancing\AsteroidField_Slow\AsteroidField_Slow.csproj", "{4FE18AEE-BA23-4D6A-9123-93BF0ABF82C8}"
EndProject
Project("{FAE04EC0-301F-11D3-BF4B-00C04F79EFBC}") = "GeometryShader1", "Advanced_OpenGL\Geometry_Shader\GeometryShader1.csproj", "{5D9367B3-D4C7-4C09-98E1-D04FAA261FDB}"
EndProject
Project("{2150E333-8FDC-42A3-9474-1A3956D46DE8}") = "Breakout", "Breakout", "{5466BCEB-E668-41E7-A5F2-40ECBBDA2578}"
EndProject
Project("{2150E333-8FDC-42A3-9474-1A3956D46DE8}") = "GeometryShader", "GeometryShader", "{F00D87D9-32B4-44CA-A35D-BBA3A6CC5D2B}"
EndProject
Project("{FAE04EC0-301F-11D3-BF4B-00C04F79EFBC}") = "Breakout", "..\Breakout\Breakout.csproj", "{47E3C50B-EB4D-45FF-8EEE-CF4180E7110B}"
EndProject
Global
	GlobalSection(SolutionConfigurationPlatforms) = preSolution
		Debug|Any CPU = Debug|Any CPU
		Release|Any CPU = Release|Any CPU
	EndGlobalSection
	GlobalSection(ProjectConfigurationPlatforms) = postSolution
		{D022BBB5-9FF0-42AF-8656-AF3D3C250B96}.Debug|Any CPU.ActiveCfg = Debug|Any CPU
		{D022BBB5-9FF0-42AF-8656-AF3D3C250B96}.Debug|Any CPU.Build.0 = Debug|Any CPU
		{D022BBB5-9FF0-42AF-8656-AF3D3C250B96}.Release|Any CPU.ActiveCfg = Release|Any CPU
		{D022BBB5-9FF0-42AF-8656-AF3D3C250B96}.Release|Any CPU.Build.0 = Release|Any CPU
		{3FA30165-3CBB-4A0C-BAEA-F64B2C8FE0EC}.Debug|Any CPU.ActiveCfg = Debug|Any CPU
		{3FA30165-3CBB-4A0C-BAEA-F64B2C8FE0EC}.Debug|Any CPU.Build.0 = Debug|Any CPU
		{3FA30165-3CBB-4A0C-BAEA-F64B2C8FE0EC}.Release|Any CPU.ActiveCfg = Release|Any CPU
		{3FA30165-3CBB-4A0C-BAEA-F64B2C8FE0EC}.Release|Any CPU.Build.0 = Release|Any CPU
		{A67C0F99-4680-43BC-927C-407B8421DEBE}.Debug|Any CPU.ActiveCfg = Debug|Any CPU
		{A67C0F99-4680-43BC-927C-407B8421DEBE}.Debug|Any CPU.Build.0 = Debug|Any CPU
		{A67C0F99-4680-43BC-927C-407B8421DEBE}.Release|Any CPU.ActiveCfg = Release|Any CPU
		{A67C0F99-4680-43BC-927C-407B8421DEBE}.Release|Any CPU.Build.0 = Release|Any CPU
		{CD4A84A2-94EB-4522-B568-EE8DA72BDFA9}.Debug|Any CPU.ActiveCfg = Debug|Any CPU
		{CD4A84A2-94EB-4522-B568-EE8DA72BDFA9}.Debug|Any CPU.Build.0 = Debug|Any CPU
		{CD4A84A2-94EB-4522-B568-EE8DA72BDFA9}.Release|Any CPU.ActiveCfg = Release|Any CPU
		{CD4A84A2-94EB-4522-B568-EE8DA72BDFA9}.Release|Any CPU.Build.0 = Release|Any CPU
		{7854F4A3-1A0C-4AFF-8094-CE5131445579}.Debug|Any CPU.ActiveCfg = Debug|Any CPU
		{7854F4A3-1A0C-4AFF-8094-CE5131445579}.Debug|Any CPU.Build.0 = Debug|Any CPU
		{7854F4A3-1A0C-4AFF-8094-CE5131445579}.Release|Any CPU.ActiveCfg = Release|Any CPU
		{7854F4A3-1A0C-4AFF-8094-CE5131445579}.Release|Any CPU.Build.0 = Release|Any CPU
		{80637A9B-E126-488A-9758-1F77814A3691}.Debug|Any CPU.ActiveCfg = Debug|Any CPU
		{80637A9B-E126-488A-9758-1F77814A3691}.Debug|Any CPU.Build.0 = Debug|Any CPU
		{80637A9B-E126-488A-9758-1F77814A3691}.Release|Any CPU.ActiveCfg = Release|Any CPU
		{80637A9B-E126-488A-9758-1F77814A3691}.Release|Any CPU.Build.0 = Release|Any CPU
		{6C4B3809-C7E0-4389-A31B-ADD9E8B0587D}.Debug|Any CPU.ActiveCfg = Debug|Any CPU
		{6C4B3809-C7E0-4389-A31B-ADD9E8B0587D}.Debug|Any CPU.Build.0 = Debug|Any CPU
		{6C4B3809-C7E0-4389-A31B-ADD9E8B0587D}.Release|Any CPU.ActiveCfg = Release|Any CPU
		{6C4B3809-C7E0-4389-A31B-ADD9E8B0587D}.Release|Any CPU.Build.0 = Release|Any CPU
		{0F56BDD9-C3C5-4CB8-A507-294435834610}.Debug|Any CPU.ActiveCfg = Debug|Any CPU
		{0F56BDD9-C3C5-4CB8-A507-294435834610}.Debug|Any CPU.Build.0 = Debug|Any CPU
		{0F56BDD9-C3C5-4CB8-A507-294435834610}.Release|Any CPU.ActiveCfg = Release|Any CPU
		{0F56BDD9-C3C5-4CB8-A507-294435834610}.Release|Any CPU.Build.0 = Release|Any CPU
		{4FE18AEE-BA23-4D6A-9123-93BF0ABF82C8}.Debug|Any CPU.ActiveCfg = Debug|Any CPU
		{4FE18AEE-BA23-4D6A-9123-93BF0ABF82C8}.Debug|Any CPU.Build.0 = Debug|Any CPU
		{4FE18AEE-BA23-4D6A-9123-93BF0ABF82C8}.Release|Any CPU.ActiveCfg = Release|Any CPU
		{4FE18AEE-BA23-4D6A-9123-93BF0ABF82C8}.Release|Any CPU.Build.0 = Release|Any CPU
		{5D9367B3-D4C7-4C09-98E1-D04FAA261FDB}.Debug|Any CPU.ActiveCfg = Debug|Any CPU
		{5D9367B3-D4C7-4C09-98E1-D04FAA261FDB}.Debug|Any CPU.Build.0 = Debug|Any CPU
		{5D9367B3-D4C7-4C09-98E1-D04FAA261FDB}.Release|Any CPU.ActiveCfg = Release|Any CPU
		{5D9367B3-D4C7-4C09-98E1-D04FAA261FDB}.Release|Any CPU.Build.0 = Release|Any CPU
		{47E3C50B-EB4D-45FF-8EEE-CF4180E7110B}.Debug|Any CPU.ActiveCfg = Debug|Any CPU
		{47E3C50B-EB4D-45FF-8EEE-CF4180E7110B}.Debug|Any CPU.Build.0 = Debug|Any CPU
		{47E3C50B-EB4D-45FF-8EEE-CF4180E7110B}.Release|Any CPU.ActiveCfg = Release|Any CPU
		{47E3C50B-EB4D-45FF-8EEE-CF4180E7110B}.Release|Any CPU.Build.0 = Release|Any CPU
	EndGlobalSection
	GlobalSection(SolutionProperties) = preSolution
		HideSolutionNode = FALSE
	EndGlobalSection
	GlobalSection(NestedProjects) = preSolution
		{D022BBB5-9FF0-42AF-8656-AF3D3C250B96} = {4E0C3403-C03E-423E-A7F0-894606D20364}
		{3FA30165-3CBB-4A0C-BAEA-F64B2C8FE0EC} = {ADDABEAC-CB64-4D54-B73C-C3585EE5893A}
		{A67C0F99-4680-43BC-927C-407B8421DEBE} = {ADDABEAC-CB64-4D54-B73C-C3585EE5893A}
		{CD4A84A2-94EB-4522-B568-EE8DA72BDFA9} = {C0D290C3-8A03-45E9-9EAB-7B1005B0EDD1}
		{7854F4A3-1A0C-4AFF-8094-CE5131445579} = {734F3792-DE54-4A75-8B94-C7A9F2841B9E}
		{80637A9B-E126-488A-9758-1F77814A3691} = {734F3792-DE54-4A75-8B94-C7A9F2841B9E}
		{5B8141BA-21C3-4EC8-A2FD-E66E739CFFE7} = {734F3792-DE54-4A75-8B94-C7A9F2841B9E}
		{6C4B3809-C7E0-4389-A31B-ADD9E8B0587D} = {5B8141BA-21C3-4EC8-A2FD-E66E739CFFE7}
		{0F56BDD9-C3C5-4CB8-A507-294435834610} = {5B8141BA-21C3-4EC8-A2FD-E66E739CFFE7}
		{4FE18AEE-BA23-4D6A-9123-93BF0ABF82C8} = {5B8141BA-21C3-4EC8-A2FD-E66E739CFFE7}
		{5D9367B3-D4C7-4C09-98E1-D04FAA261FDB} = {F00D87D9-32B4-44CA-A35D-BBA3A6CC5D2B}
		{F00D87D9-32B4-44CA-A35D-BBA3A6CC5D2B} = {734F3792-DE54-4A75-8B94-C7A9F2841B9E}
		{47E3C50B-EB4D-45FF-8EEE-CF4180E7110B} = {5466BCEB-E668-41E7-A5F2-40ECBBDA2578}
	EndGlobalSection
	GlobalSection(ExtensibilityGlobals) = postSolution
		SolutionGuid = {47BA7212-91C4-469F-9BD4-7F2E8CF459FB}
	EndGlobalSection
EndGlobal
